
Microsoft Visual Studio Solution File, Format Version 12.00
# Visual Studio Version 17
VisualStudioVersion = 17.14.36109.1 d17.14
MinimumVisualStudioVersion = 10.0.40219.1
Project("{FAE04EC0-301F-11D3-BF4B-00C04F79EFBC}") = "C#2_VS__Projekt", "C#2_VS__Projekt.csproj", "{C47BA502-7F5D-4851-9B75-7B116453DA87}"
EndProject
Global
	GlobalSection(SolutionConfigurationPlatforms) = preSolution
		Debug|Any CPU = Debug|Any CPU
		Release|Any CPU = Release|Any CPU
	EndGlobalSection
	GlobalSection(ProjectConfigurationPlatforms) = postSolution
		{C47BA502-7F5D-4851-9B75-7B116453DA87}.Debug|Any CPU.ActiveCfg = Debug|Any CPU
		{C47BA502-7F5D-4851-9B75-7B116453DA87}.Debug|Any CPU.Build.0 = Debug|Any CPU
		{C47BA502-7F5D-4851-9B75-7B116453DA87}.Release|Any CPU.ActiveCfg = Release|Any CPU
		{C47BA502-7F5D-4851-9B75-7B116453DA87}.Release|Any CPU.Build.0 = Release|Any CPU
	EndGlobalSection
	GlobalSection(SolutionProperties) = preSolution
		HideSolutionNode = FALSE
	EndGlobalSection
	GlobalSection(ExtensibilityGlobals) = postSolution
		SolutionGuid = {5ED0BBA9-5851-45B3-BC77-76C28F428E85}
	EndGlobalSection
EndGlobal
